
Microsoft Visual Studio Solution File, Format Version 12.00
Project("{FAE04EC0-301F-11D3-BF4B-00C04F79EFBC}") = "Components", "Components\Components.csproj", "{73989B65-5AA3-4600-ADBD-9F7CFBD0B190}"
EndProject
Project("{FAE04EC0-301F-11D3-BF4B-00C04F79EFBC}") = "Components.Tests", "Components.Tests\Components.Tests.csproj", "{5343058F-A1F9-4F2F-8F45-5DA6C74CED95}"
EndProject
Project("{2150E333-8FDC-42A3-9474-1A3956D46DE8}") = "Components.Benchmarks", "Components.Benchmarks", "{28E0E640-D380-5631-77AE-6668E4D3A4A0}"
EndProject
Project("{FAE04EC0-301F-11D3-BF4B-00C04F79EFBC}") = "BlazorMemoire.Components.Benchmarks", "Components.Benchmarks\BlazorMemoire.Components.Benchmarks.csproj", "{3D43A942-BC4E-432B-BAA9-C69C1F8AC6AA}"
EndProject
Global
	GlobalSection(SolutionConfigurationPlatforms) = preSolution
		Debug|Any CPU = Debug|Any CPU
		Debug|x64 = Debug|x64
		Debug|x86 = Debug|x86
		Release|Any CPU = Release|Any CPU
		Release|x64 = Release|x64
		Release|x86 = Release|x86
	EndGlobalSection
	GlobalSection(ProjectConfigurationPlatforms) = postSolution
		{73989B65-5AA3-4600-ADBD-9F7CFBD0B190}.Debug|Any CPU.ActiveCfg = Debug|Any CPU
		{73989B65-5AA3-4600-ADBD-9F7CFBD0B190}.Debug|Any CPU.Build.0 = Debug|Any CPU
		{73989B65-5AA3-4600-ADBD-9F7CFBD0B190}.Debug|x64.ActiveCfg = Debug|Any CPU
		{73989B65-5AA3-4600-ADBD-9F7CFBD0B190}.Debug|x64.Build.0 = Debug|Any CPU
		{73989B65-5AA3-4600-ADBD-9F7CFBD0B190}.Debug|x86.ActiveCfg = Debug|Any CPU
		{73989B65-5AA3-4600-ADBD-9F7CFBD0B190}.Debug|x86.Build.0 = Debug|Any CPU
		{73989B65-5AA3-4600-ADBD-9F7CFBD0B190}.Release|Any CPU.ActiveCfg = Release|Any CPU
		{73989B65-5AA3-4600-ADBD-9F7CFBD0B190}.Release|Any CPU.Build.0 = Release|Any CPU
		{73989B65-5AA3-4600-ADBD-9F7CFBD0B190}.Release|x64.ActiveCfg = Release|Any CPU
		{73989B65-5AA3-4600-ADBD-9F7CFBD0B190}.Release|x64.Build.0 = Release|Any CPU
		{73989B65-5AA3-4600-ADBD-9F7CFBD0B190}.Release|x86.ActiveCfg = Release|Any CPU
		{73989B65-5AA3-4600-ADBD-9F7CFBD0B190}.Release|x86.Build.0 = Release|Any CPU
		{5343058F-A1F9-4F2F-8F45-5DA6C74CED95}.Debug|Any CPU.ActiveCfg = Debug|Any CPU
		{5343058F-A1F9-4F2F-8F45-5DA6C74CED95}.Debug|Any CPU.Build.0 = Debug|Any CPU
		{5343058F-A1F9-4F2F-8F45-5DA6C74CED95}.Debug|x64.ActiveCfg = Debug|Any CPU
		{5343058F-A1F9-4F2F-8F45-5DA6C74CED95}.Debug|x64.Build.0 = Debug|Any CPU
		{5343058F-A1F9-4F2F-8F45-5DA6C74CED95}.Debug|x86.ActiveCfg = Debug|Any CPU
		{5343058F-A1F9-4F2F-8F45-5DA6C74CED95}.Debug|x86.Build.0 = Debug|Any CPU
		{5343058F-A1F9-4F2F-8F45-5DA6C74CED95}.Release|Any CPU.ActiveCfg = Release|Any CPU
		{5343058F-A1F9-4F2F-8F45-5DA6C74CED95}.Release|Any CPU.Build.0 = Release|Any CPU
		{5343058F-A1F9-4F2F-8F45-5DA6C74CED95}.Release|x64.ActiveCfg = Release|Any CPU
		{5343058F-A1F9-4F2F-8F45-5DA6C74CED95}.Release|x64.Build.0 = Release|Any CPU
		{5343058F-A1F9-4F2F-8F45-5DA6C74CED95}.Release|x86.ActiveCfg = Release|Any CPU
		{5343058F-A1F9-4F2F-8F45-5DA6C74CED95}.Release|x86.Build.0 = Release|Any CPU
		{3D43A942-BC4E-432B-BAA9-C69C1F8AC6AA}.Debug|Any CPU.ActiveCfg = Debug|Any CPU
		{3D43A942-BC4E-432B-BAA9-C69C1F8AC6AA}.Debug|Any CPU.Build.0 = Debug|Any CPU
		{3D43A942-BC4E-432B-BAA9-C69C1F8AC6AA}.Debug|x64.ActiveCfg = Debug|Any CPU
		{3D43A942-BC4E-432B-BAA9-C69C1F8AC6AA}.Debug|x64.Build.0 = Debug|Any CPU
		{3D43A942-BC4E-432B-BAA9-C69C1F8AC6AA}.Debug|x86.ActiveCfg = Debug|Any CPU
		{3D43A942-BC4E-432B-BAA9-C69C1F8AC6AA}.Debug|x86.Build.0 = Debug|Any CPU
		{3D43A942-BC4E-432B-BAA9-C69C1F8AC6AA}.Release|Any CPU.ActiveCfg = Release|Any CPU
		{3D43A942-BC4E-432B-BAA9-C69C1F8AC6AA}.Release|Any CPU.Build.0 = Release|Any CPU
		{3D43A942-BC4E-432B-BAA9-C69C1F8AC6AA}.Release|x64.ActiveCfg = Release|Any CPU
		{3D43A942-BC4E-432B-BAA9-C69C1F8AC6AA}.Release|x64.Build.0 = Release|Any CPU
		{3D43A942-BC4E-432B-BAA9-C69C1F8AC6AA}.Release|x86.ActiveCfg = Release|Any CPU
		{3D43A942-BC4E-432B-BAA9-C69C1F8AC6AA}.Release|x86.Build.0 = Release|Any CPU
	EndGlobalSection
	GlobalSection(SolutionProperties) = preSolution
		HideSolutionNode = FALSE
	EndGlobalSection
	GlobalSection(NestedProjects) = preSolution
		{3D43A942-BC4E-432B-BAA9-C69C1F8AC6AA} = {28E0E640-D380-5631-77AE-6668E4D3A4A0}
	EndGlobalSection
EndGlobal
